{
  "nodes": {
    "flake-parts": {
      "inputs": {
        "nixpkgs-lib": "nixpkgs-lib"
      },
      "locked": {
        "lastModified": 1712014858,
        "narHash": "sha256-sB4SWl2lX95bExY2gMFG5HIzvva5AVMJd4Igm+GpZNw=",
        "owner": "hercules-ci",
        "repo": "flake-parts",
        "rev": "9126214d0a59633752a136528f5f3b9aa8565b7d",
        "type": "github"
      },
      "original": {
        "owner": "hercules-ci",
        "repo": "flake-parts",
        "type": "github"
      }
    },
    "godot-cpp": {
      "flake": false,
      "locked": {
        "lastModified": 1701935911,
        "narHash": "sha256-fbFjb/A1Am2BVxC16+a9X7ZebwtrEj81JCBlEttevTM=",
        "owner": "godotengine",
        "repo": "godot-cpp",
        "rev": "48afa82f29354668c12cffaf6a2474dabfd395ed",
        "type": "github"
      },
      "original": {
        "owner": "godotengine",
        "repo": "godot-cpp",
        "rev": "48afa82f29354668c12cffaf6a2474dabfd395ed",
        "type": "github"
      }
    },
    "nixpkgs": {
      "locked": {
        "lastModified": 1713128889,
        "narHash": "sha256-aB90ZqzosyRDpBh+rILIcyP5lao8SKz8Sr2PSWvZrzk=",
        "owner": "NixOS",
        "repo": "nixpkgs",
        "rev": "2748d22b45a99fb2deafa5f11c7531c212b2cefa",
        "type": "github"
      },
      "original": {
        "owner": "NixOS",
        "ref": "nixpkgs-unstable",
        "repo": "nixpkgs",
        "type": "github"
      }
    },
    "nixpkgs-lib": {
      "locked": {
        "dir": "lib",
        "lastModified": 1711703276,
        "narHash": "sha256-iMUFArF0WCatKK6RzfUJknjem0H9m4KgorO/p3Dopkk=",
        "owner": "NixOS",
        "repo": "nixpkgs",
        "rev": "d8fe5e6c92d0d190646fb9f1056741a229980089",
        "type": "github"
      },
      "original": {
        "dir": "lib",
        "owner": "NixOS",
        "ref": "nixos-unstable",
        "repo": "nixpkgs",
        "type": "github"
      }
    },
    "opus": {
      "flake": false,
      "locked": {
        "lastModified": 1712781530,
        "narHash": "sha256-M1G7ypcfs7nJmXgkyoG96jT/CkgN5BOzy+DGO4LVCvA=",
        "owner": "xiph",
        "repo": "opus",
        "rev": "ddbe48383984d56acd9e1ab6a090c54ca6b735a6",
        "type": "github"
      },
      "original": {
        "owner": "xiph",
        "repo": "opus",
        "rev": "ddbe48383984d56acd9e1ab6a090c54ca6b735a6",
        "type": "github"
      }
    },
    "root": {
      "inputs": {
        "flake-parts": "flake-parts",
        "godot-cpp": "godot-cpp",
        "nixpkgs": "nixpkgs",
        "opus": "opus"
      }
    }
  },
  "root": "root",
  "version": 7
}
